
Microsoft Visual Studio Solution File, Format Version 12.00
# Visual Studio Version 17
VisualStudioVersion = 17.6.33723.286
MinimumVisualStudioVersion = 10.0.40219.1
Project("{888888A0-9F3D-457C-B088-3A5042F75D52}") = "Flaskr", "Flaskr.pyproj", "{A7854CA5-7936-4317-BBD1-0ABB50168972}"
EndProject
Global
	GlobalSection(SolutionConfigurationPlatforms) = preSolution
		Debug|Any CPU = Debug|Any CPU
		Release|Any CPU = Release|Any CPU
	EndGlobalSection
	GlobalSection(ProjectConfigurationPlatforms) = postSolution
		{A7854CA5-7936-4317-BBD1-0ABB50168972}.Debug|Any CPU.ActiveCfg = Debug|Any CPU
		{A7854CA5-7936-4317-BBD1-0ABB50168972}.Release|Any CPU.ActiveCfg = Release|Any CPU
	EndGlobalSection
	GlobalSection(SolutionProperties) = preSolution
		HideSolutionNode = FALSE
	EndGlobalSection
	GlobalSection(ExtensibilityGlobals) = postSolution
		SolutionGuid = {D1C936B1-C0F6-4349-AF53-7D20D44ABEF0}
	EndGlobalSection
EndGlobal
